// !$*UTF8*$!
{
	archiveVersion = 1;
	classes = {
	};
	objectVersion = 56;
	objects = {

/* Begin PBXBuildFile section */
		0F5AF9BC2C21B4050005A9B5 /* OnboardingViewController.swift in Sources */ = {isa = PBXBuildFile; fileRef = 0F5AF9BB2C21B4050005A9B5 /* OnboardingViewController.swift */; };
		0F5AF9BE2C21B42C0005A9B5 /* OnboardingViewPresenter.swift in Sources */ = {isa = PBXBuildFile; fileRef = 0F5AF9BD2C21B42C0005A9B5 /* OnboardingViewPresenter.swift */; };
		0FBCF5022C156C5A00FD1653 /* AppDelegate.swift in Sources */ = {isa = PBXBuildFile; fileRef = 0FBCF5012C156C5A00FD1653 /* AppDelegate.swift */; };
		0FBCF5042C156C5A00FD1653 /* SceneDelegate.swift in Sources */ = {isa = PBXBuildFile; fileRef = 0FBCF5032C156C5A00FD1653 /* SceneDelegate.swift */; };
		0FBCF5062C156C5A00FD1653 /* ViewController.swift in Sources */ = {isa = PBXBuildFile; fileRef = 0FBCF5052C156C5A00FD1653 /* ViewController.swift */; };
		0FBCF50B2C156C5B00FD1653 /* Assets.xcassets in Resources */ = {isa = PBXBuildFile; fileRef = 0FBCF50A2C156C5B00FD1653 /* Assets.xcassets */; };
		0FBCF50E2C156C5B00FD1653 /* Base in Resources */ = {isa = PBXBuildFile; fileRef = 0FBCF50D2C156C5B00FD1653 /* Base */; };
		0FBCF5252C15713C00FD1653 /* LICENSE.txt in Resources */ = {isa = PBXBuildFile; fileRef = 0FBCF5172C15713C00FD1653 /* LICENSE.txt */; };
		0FBCF5262C15713C00FD1653 /* Roboto-Black.ttf in Resources */ = {isa = PBXBuildFile; fileRef = 0FBCF5182C15713C00FD1653 /* Roboto-Black.ttf */; };
		0FBCF5272C15713C00FD1653 /* Roboto-BlackItalic.ttf in Resources */ = {isa = PBXBuildFile; fileRef = 0FBCF5192C15713C00FD1653 /* Roboto-BlackItalic.ttf */; };
		0FBCF5282C15713C00FD1653 /* Roboto-Bold.ttf in Resources */ = {isa = PBXBuildFile; fileRef = 0FBCF51A2C15713C00FD1653 /* Roboto-Bold.ttf */; };
		0FBCF5292C15713C00FD1653 /* Roboto-BoldItalic.ttf in Resources */ = {isa = PBXBuildFile; fileRef = 0FBCF51B2C15713C00FD1653 /* Roboto-BoldItalic.ttf */; };
		0FBCF52A2C15713C00FD1653 /* Roboto-Italic.ttf in Resources */ = {isa = PBXBuildFile; fileRef = 0FBCF51C2C15713C00FD1653 /* Roboto-Italic.ttf */; };
		0FBCF52B2C15713C00FD1653 /* Roboto-Light.ttf in Resources */ = {isa = PBXBuildFile; fileRef = 0FBCF51D2C15713C00FD1653 /* Roboto-Light.ttf */; };
		0FBCF52C2C15713C00FD1653 /* Roboto-LightItalic.ttf in Resources */ = {isa = PBXBuildFile; fileRef = 0FBCF51E2C15713C00FD1653 /* Roboto-LightItalic.ttf */; };
		0FBCF52D2C15713C00FD1653 /* Roboto-Medium.ttf in Resources */ = {isa = PBXBuildFile; fileRef = 0FBCF51F2C15713C00FD1653 /* Roboto-Medium.ttf */; };
		0FBCF52E2C15713C00FD1653 /* Roboto-MediumItalic.ttf in Resources */ = {isa = PBXBuildFile; fileRef = 0FBCF5202C15713C00FD1653 /* Roboto-MediumItalic.ttf */; };
		0FBCF52F2C15713C00FD1653 /* Roboto-Regular.ttf in Resources */ = {isa = PBXBuildFile; fileRef = 0FBCF5212C15713C00FD1653 /* Roboto-Regular.ttf */; };
		0FBCF5302C15713C00FD1653 /* Roboto-Thin.ttf in Resources */ = {isa = PBXBuildFile; fileRef = 0FBCF5222C15713C00FD1653 /* Roboto-Thin.ttf */; };
		0FBCF5312C15713C00FD1653 /* Roboto-ThinItalic.ttf in Resources */ = {isa = PBXBuildFile; fileRef = 0FBCF5232C15713C00FD1653 /* Roboto-ThinItalic.ttf */; };
		0FBCF5342C1572F400FD1653 /* UIFont+Extension.swift in Sources */ = {isa = PBXBuildFile; fileRef = 0FBCF5332C1572F400FD1653 /* UIFont+Extension.swift */; };
		0FBCF5362C1576F900FD1653 /* UIColor+Extension.swift in Sources */ = {isa = PBXBuildFile; fileRef = 0FBCF5352C1576F900FD1653 /* UIColor+Extension.swift */; };
		0FBCF5382C1577BD00FD1653 /* AppColors.swift in Sources */ = {isa = PBXBuildFile; fileRef = 0FBCF5372C1577BD00FD1653 /* AppColors.swift */; };
		0FBCF53D2C157B8300FD1653 /* Coordinator.swift in Sources */ = {isa = PBXBuildFile; fileRef = 0FBCF53C2C157B8300FD1653 /* Coordinator.swift */; };
		0FBCF53F2C157EDA00FD1653 /* AppCoordinator.swift in Sources */ = {isa = PBXBuildFile; fileRef = 0FBCF53E2C157EDA00FD1653 /* AppCoordinator.swift */; };
		0FBCF5412C157F7C00FD1653 /* OnboardingCoordinator.swift in Sources */ = {isa = PBXBuildFile; fileRef = 0FBCF5402C157F7C00FD1653 /* OnboardingCoordinator.swift */; };
		0FBCF5432C15E46D00FD1653 /* HomeCoordinator.swift in Sources */ = {isa = PBXBuildFile; fileRef = 0FBCF5422C15E46D00FD1653 /* HomeCoordinator.swift */; };
		0FBCF5452C15E4A000FD1653 /* OrderCoordinator.swift in Sources */ = {isa = PBXBuildFile; fileRef = 0FBCF5442C15E4A000FD1653 /* OrderCoordinator.swift */; };
		0FBCF5472C15E4CD00FD1653 /* ListCoordinator.swift in Sources */ = {isa = PBXBuildFile; fileRef = 0FBCF5462C15E4CD00FD1653 /* ListCoordinator.swift */; };
		0FBCF5492C15E4E100FD1653 /* ProfileCoordinator.swift in Sources */ = {isa = PBXBuildFile; fileRef = 0FBCF5482C15E4E100FD1653 /* ProfileCoordinator.swift */; };
		0FBCF54B2C15E60C00FD1653 /* TabBarController.swift in Sources */ = {isa = PBXBuildFile; fileRef = 0FBCF54A2C15E60C00FD1653 /* TabBarController.swift */; };
		0FDF60D82C231196001F6A6A /* OnboardingPartViewController.swift in Sources */ = {isa = PBXBuildFile; fileRef = 0FDF60D72C231196001F6A6A /* OnboardingPartViewController.swift */; };
/* End PBXBuildFile section */

/* Begin PBXFileReference section */
		0F5AF9BB2C21B4050005A9B5 /* OnboardingViewController.swift */ = {isa = PBXFileReference; lastKnownFileType = sourcecode.swift; path = OnboardingViewController.swift; sourceTree = "<group>"; };
		0F5AF9BD2C21B42C0005A9B5 /* OnboardingViewPresenter.swift */ = {isa = PBXFileReference; lastKnownFileType = sourcecode.swift; path = OnboardingViewPresenter.swift; sourceTree = "<group>"; };
		0FBCF4FE2C156C5A00FD1653 /* FoodDeliveryApp.app */ = {isa = PBXFileReference; explicitFileType = wrapper.application; includeInIndex = 0; path = FoodDeliveryApp.app; sourceTree = BUILT_PRODUCTS_DIR; };
		0FBCF5012C156C5A00FD1653 /* AppDelegate.swift */ = {isa = PBXFileReference; lastKnownFileType = sourcecode.swift; path = AppDelegate.swift; sourceTree = "<group>"; };
		0FBCF5032C156C5A00FD1653 /* SceneDelegate.swift */ = {isa = PBXFileReference; lastKnownFileType = sourcecode.swift; path = SceneDelegate.swift; sourceTree = "<group>"; };
		0FBCF5052C156C5A00FD1653 /* ViewController.swift */ = {isa = PBXFileReference; lastKnownFileType = sourcecode.swift; path = ViewController.swift; sourceTree = "<group>"; };
		0FBCF50A2C156C5B00FD1653 /* Assets.xcassets */ = {isa = PBXFileReference; lastKnownFileType = folder.assetcatalog; path = Assets.xcassets; sourceTree = "<group>"; };
		0FBCF50D2C156C5B00FD1653 /* Base */ = {isa = PBXFileReference; lastKnownFileType = file.storyboard; name = Base; path = Base.lproj/LaunchScreen.storyboard; sourceTree = "<group>"; };
		0FBCF50F2C156C5B00FD1653 /* Info.plist */ = {isa = PBXFileReference; lastKnownFileType = text.plist.xml; path = Info.plist; sourceTree = "<group>"; };
		0FBCF5172C15713C00FD1653 /* LICENSE.txt */ = {isa = PBXFileReference; fileEncoding = 4; lastKnownFileType = text; path = LICENSE.txt; sourceTree = "<group>"; };
		0FBCF5182C15713C00FD1653 /* Roboto-Black.ttf */ = {isa = PBXFileReference; lastKnownFileType = file; path = "Roboto-Black.ttf"; sourceTree = "<group>"; };
		0FBCF5192C15713C00FD1653 /* Roboto-BlackItalic.ttf */ = {isa = PBXFileReference; lastKnownFileType = file; path = "Roboto-BlackItalic.ttf"; sourceTree = "<group>"; };
		0FBCF51A2C15713C00FD1653 /* Roboto-Bold.ttf */ = {isa = PBXFileReference; lastKnownFileType = file; path = "Roboto-Bold.ttf"; sourceTree = "<group>"; };
		0FBCF51B2C15713C00FD1653 /* Roboto-BoldItalic.ttf */ = {isa = PBXFileReference; lastKnownFileType = file; path = "Roboto-BoldItalic.ttf"; sourceTree = "<group>"; };
		0FBCF51C2C15713C00FD1653 /* Roboto-Italic.ttf */ = {isa = PBXFileReference; lastKnownFileType = file; path = "Roboto-Italic.ttf"; sourceTree = "<group>"; };
		0FBCF51D2C15713C00FD1653 /* Roboto-Light.ttf */ = {isa = PBXFileReference; lastKnownFileType = file; path = "Roboto-Light.ttf"; sourceTree = "<group>"; };
		0FBCF51E2C15713C00FD1653 /* Roboto-LightItalic.ttf */ = {isa = PBXFileReference; lastKnownFileType = file; path = "Roboto-LightItalic.ttf"; sourceTree = "<group>"; };
		0FBCF51F2C15713C00FD1653 /* Roboto-Medium.ttf */ = {isa = PBXFileReference; lastKnownFileType = file; path = "Roboto-Medium.ttf"; sourceTree = "<group>"; };
		0FBCF5202C15713C00FD1653 /* Roboto-MediumItalic.ttf */ = {isa = PBXFileReference; lastKnownFileType = file; path = "Roboto-MediumItalic.ttf"; sourceTree = "<group>"; };
		0FBCF5212C15713C00FD1653 /* Roboto-Regular.ttf */ = {isa = PBXFileReference; lastKnownFileType = file; path = "Roboto-Regular.ttf"; sourceTree = "<group>"; };
		0FBCF5222C15713C00FD1653 /* Roboto-Thin.ttf */ = {isa = PBXFileReference; lastKnownFileType = file; path = "Roboto-Thin.ttf"; sourceTree = "<group>"; };
		0FBCF5232C15713C00FD1653 /* Roboto-ThinItalic.ttf */ = {isa = PBXFileReference; lastKnownFileType = file; path = "Roboto-ThinItalic.ttf"; sourceTree = "<group>"; };
		0FBCF5332C1572F400FD1653 /* UIFont+Extension.swift */ = {isa = PBXFileReference; lastKnownFileType = sourcecode.swift; path = "UIFont+Extension.swift"; sourceTree = "<group>"; };
		0FBCF5352C1576F900FD1653 /* UIColor+Extension.swift */ = {isa = PBXFileReference; lastKnownFileType = sourcecode.swift; path = "UIColor+Extension.swift"; sourceTree = "<group>"; };
		0FBCF5372C1577BD00FD1653 /* AppColors.swift */ = {isa = PBXFileReference; lastKnownFileType = sourcecode.swift; path = AppColors.swift; sourceTree = "<group>"; };
		0FBCF53C2C157B8300FD1653 /* Coordinator.swift */ = {isa = PBXFileReference; lastKnownFileType = sourcecode.swift; path = Coordinator.swift; sourceTree = "<group>"; };
		0FBCF53E2C157EDA00FD1653 /* AppCoordinator.swift */ = {isa = PBXFileReference; lastKnownFileType = sourcecode.swift; path = AppCoordinator.swift; sourceTree = "<group>"; };
		0FBCF5402C157F7C00FD1653 /* OnboardingCoordinator.swift */ = {isa = PBXFileReference; lastKnownFileType = sourcecode.swift; path = OnboardingCoordinator.swift; sourceTree = "<group>"; };
		0FBCF5422C15E46D00FD1653 /* HomeCoordinator.swift */ = {isa = PBXFileReference; lastKnownFileType = sourcecode.swift; path = HomeCoordinator.swift; sourceTree = "<group>"; };
		0FBCF5442C15E4A000FD1653 /* OrderCoordinator.swift */ = {isa = PBXFileReference; lastKnownFileType = sourcecode.swift; path = OrderCoordinator.swift; sourceTree = "<group>"; };
		0FBCF5462C15E4CD00FD1653 /* ListCoordinator.swift */ = {isa = PBXFileReference; lastKnownFileType = sourcecode.swift; path = ListCoordinator.swift; sourceTree = "<group>"; };
		0FBCF5482C15E4E100FD1653 /* ProfileCoordinator.swift */ = {isa = PBXFileReference; lastKnownFileType = sourcecode.swift; path = ProfileCoordinator.swift; sourceTree = "<group>"; };
		0FBCF54A2C15E60C00FD1653 /* TabBarController.swift */ = {isa = PBXFileReference; lastKnownFileType = sourcecode.swift; path = TabBarController.swift; sourceTree = "<group>"; };
		0FDF60D72C231196001F6A6A /* OnboardingPartViewController.swift */ = {isa = PBXFileReference; lastKnownFileType = sourcecode.swift; path = OnboardingPartViewController.swift; sourceTree = "<group>"; };
/* End PBXFileReference section */

/* Begin PBXFrameworksBuildPhase section */
		0FBCF4FB2C156C5A00FD1653 /* Frameworks */ = {
			isa = PBXFrameworksBuildPhase;
			buildActionMask = 2147483647;
			files = (
			);
			runOnlyForDeploymentPostprocessing = 0;
		};
/* End PBXFrameworksBuildPhase section */

/* Begin PBXGroup section */
		0F5AF9B92C21B3AA0005A9B5 /* UILayer */ = {
			isa = PBXGroup;
			children = (
				0F5AF9BA2C21B3E90005A9B5 /* Onboarding */,
			);
			path = UILayer;
			sourceTree = "<group>";
		};
		0F5AF9BA2C21B3E90005A9B5 /* Onboarding */ = {
			isa = PBXGroup;
			children = (
				0F5AF9BB2C21B4050005A9B5 /* OnboardingViewController.swift */,
				0F5AF9BD2C21B42C0005A9B5 /* OnboardingViewPresenter.swift */,
				0FDF60D72C231196001F6A6A /* OnboardingPartViewController.swift */,
			);
			path = Onboarding;
			sourceTree = "<group>";
		};
		0FBCF4F52C156C5A00FD1653 = {
			isa = PBXGroup;
			children = (
				0FBCF5002C156C5A00FD1653 /* FoodDeliveryApp */,
				0FBCF4FF2C156C5A00FD1653 /* Products */,
			);
			sourceTree = "<group>";
		};
		0FBCF4FF2C156C5A00FD1653 /* Products */ = {
			isa = PBXGroup;
			children = (
				0FBCF4FE2C156C5A00FD1653 /* FoodDeliveryApp.app */,
			);
			name = Products;
			sourceTree = "<group>";
		};
		0FBCF5002C156C5A00FD1653 /* FoodDeliveryApp */ = {
			isa = PBXGroup;
			children = (
				0F5AF9B92C21B3AA0005A9B5 /* UILayer */,
				0FBCF5392C157B3900FD1653 /* NavigationLayer */,
				0FBCF5152C15711D00FD1653 /* Resources */,
				0FBCF5012C156C5A00FD1653 /* AppDelegate.swift */,
				0FBCF5032C156C5A00FD1653 /* SceneDelegate.swift */,
				0FBCF5052C156C5A00FD1653 /* ViewController.swift */,
				0FBCF50A2C156C5B00FD1653 /* Assets.xcassets */,
				0FBCF50C2C156C5B00FD1653 /* LaunchScreen.storyboard */,
				0FBCF50F2C156C5B00FD1653 /* Info.plist */,
			);
			path = FoodDeliveryApp;
			sourceTree = "<group>";
		};
		0FBCF5152C15711D00FD1653 /* Resources */ = {
			isa = PBXGroup;
			children = (
				0FBCF5322C1572DB00FD1653 /* Extensions */,
				0FBCF5162C15712600FD1653 /* Fonts */,
				0FBCF5372C1577BD00FD1653 /* AppColors.swift */,
			);
			path = Resources;
			sourceTree = "<group>";
		};
		0FBCF5162C15712600FD1653 /* Fonts */ = {
			isa = PBXGroup;
			children = (
				0FBCF5242C15713C00FD1653 /* Roboto */,
			);
			path = Fonts;
			sourceTree = "<group>";
		};
		0FBCF5242C15713C00FD1653 /* Roboto */ = {
			isa = PBXGroup;
			children = (
				0FBCF5172C15713C00FD1653 /* LICENSE.txt */,
				0FBCF5182C15713C00FD1653 /* Roboto-Black.ttf */,
				0FBCF5192C15713C00FD1653 /* Roboto-BlackItalic.ttf */,
				0FBCF51A2C15713C00FD1653 /* Roboto-Bold.ttf */,
				0FBCF51B2C15713C00FD1653 /* Roboto-BoldItalic.ttf */,
				0FBCF51C2C15713C00FD1653 /* Roboto-Italic.ttf */,
				0FBCF51D2C15713C00FD1653 /* Roboto-Light.ttf */,
				0FBCF51E2C15713C00FD1653 /* Roboto-LightItalic.ttf */,
				0FBCF51F2C15713C00FD1653 /* Roboto-Medium.ttf */,
				0FBCF5202C15713C00FD1653 /* Roboto-MediumItalic.ttf */,
				0FBCF5212C15713C00FD1653 /* Roboto-Regular.ttf */,
				0FBCF5222C15713C00FD1653 /* Roboto-Thin.ttf */,
				0FBCF5232C15713C00FD1653 /* Roboto-ThinItalic.ttf */,
			);
			path = Roboto;
			sourceTree = "<group>";
		};
		0FBCF5322C1572DB00FD1653 /* Extensions */ = {
			isa = PBXGroup;
			children = (
				0FBCF5332C1572F400FD1653 /* UIFont+Extension.swift */,
				0FBCF5352C1576F900FD1653 /* UIColor+Extension.swift */,
			);
			path = Extensions;
			sourceTree = "<group>";
		};
		0FBCF5392C157B3900FD1653 /* NavigationLayer */ = {
			isa = PBXGroup;
			children = (
				0FBCF53B2C157B6500FD1653 /* Coordinators */,
				0FBCF53A2C157B5C00FD1653 /* Controllers */,
			);
			path = NavigationLayer;
			sourceTree = "<group>";
		};
		0FBCF53A2C157B5C00FD1653 /* Controllers */ = {
			isa = PBXGroup;
			children = (
				0FBCF54A2C15E60C00FD1653 /* TabBarController.swift */,
			);
			path = Controllers;
			sourceTree = "<group>";
		};
		0FBCF53B2C157B6500FD1653 /* Coordinators */ = {
			isa = PBXGroup;
			children = (
				0FBCF53C2C157B8300FD1653 /* Coordinator.swift */,
				0FBCF53E2C157EDA00FD1653 /* AppCoordinator.swift */,
				0FBCF5402C157F7C00FD1653 /* OnboardingCoordinator.swift */,
				0FBCF5422C15E46D00FD1653 /* HomeCoordinator.swift */,
				0FBCF5442C15E4A000FD1653 /* OrderCoordinator.swift */,
				0FBCF5462C15E4CD00FD1653 /* ListCoordinator.swift */,
				0FBCF5482C15E4E100FD1653 /* ProfileCoordinator.swift */,
			);
			path = Coordinators;
			sourceTree = "<group>";
		};
/* End PBXGroup section */

/* Begin PBXNativeTarget section */
		0FBCF4FD2C156C5A00FD1653 /* FoodDeliveryApp */ = {
			isa = PBXNativeTarget;
			buildConfigurationList = 0FBCF5122C156C5B00FD1653 /* Build configuration list for PBXNativeTarget "FoodDeliveryApp" */;
			buildPhases = (
				0FBCF4FA2C156C5A00FD1653 /* Sources */,
				0FBCF4FB2C156C5A00FD1653 /* Frameworks */,
				0FBCF4FC2C156C5A00FD1653 /* Resources */,
			);
			buildRules = (
			);
			dependencies = (
			);
			name = FoodDeliveryApp;
			productName = FoodDeliveryApp;
			productReference = 0FBCF4FE2C156C5A00FD1653 /* FoodDeliveryApp.app */;
			productType = "com.apple.product-type.application";
		};
/* End PBXNativeTarget section */

/* Begin PBXProject section */
		0FBCF4F62C156C5A00FD1653 /* Project object */ = {
			isa = PBXProject;
			attributes = {
				BuildIndependentTargetsInParallel = 1;
				LastSwiftUpdateCheck = 1540;
				LastUpgradeCheck = 1540;
				TargetAttributes = {
					0FBCF4FD2C156C5A00FD1653 = {
						CreatedOnToolsVersion = 15.4;
					};
				};
			};
			buildConfigurationList = 0FBCF4F92C156C5A00FD1653 /* Build configuration list for PBXProject "FoodDeliveryApp" */;
			compatibilityVersion = "Xcode 14.0";
			developmentRegion = en;
			hasScannedForEncodings = 0;
			knownRegions = (
				en,
				Base,
			);
			mainGroup = 0FBCF4F52C156C5A00FD1653;
			productRefGroup = 0FBCF4FF2C156C5A00FD1653 /* Products */;
			projectDirPath = "";
			projectRoot = "";
			targets = (
				0FBCF4FD2C156C5A00FD1653 /* FoodDeliveryApp */,
			);
		};
/* End PBXProject section */

/* Begin PBXResourcesBuildPhase section */
		0FBCF4FC2C156C5A00FD1653 /* Resources */ = {
			isa = PBXResourcesBuildPhase;
			buildActionMask = 2147483647;
			files = (
				0FBCF5312C15713C00FD1653 /* Roboto-ThinItalic.ttf in Resources */,
				0FBCF5302C15713C00FD1653 /* Roboto-Thin.ttf in Resources */,
				0FBCF5252C15713C00FD1653 /* LICENSE.txt in Resources */,
				0FBCF50B2C156C5B00FD1653 /* Assets.xcassets in Resources */,
				0FBCF52C2C15713C00FD1653 /* Roboto-LightItalic.ttf in Resources */,
				0FBCF5282C15713C00FD1653 /* Roboto-Bold.ttf in Resources */,
				0FBCF52E2C15713C00FD1653 /* Roboto-MediumItalic.ttf in Resources */,
				0FBCF5272C15713C00FD1653 /* Roboto-BlackItalic.ttf in Resources */,
				0FBCF50E2C156C5B00FD1653 /* Base in Resources */,
				0FBCF52A2C15713C00FD1653 /* Roboto-Italic.ttf in Resources */,
				0FBCF5292C15713C00FD1653 /* Roboto-BoldItalic.ttf in Resources */,
				0FBCF52D2C15713C00FD1653 /* Roboto-Medium.ttf in Resources */,
				0FBCF52F2C15713C00FD1653 /* Roboto-Regular.ttf in Resources */,
				0FBCF5262C15713C00FD1653 /* Roboto-Black.ttf in Resources */,
				0FBCF52B2C15713C00FD1653 /* Roboto-Light.ttf in Resources */,
			);
			runOnlyForDeploymentPostprocessing = 0;
		};
/* End PBXResourcesBuildPhase section */

/* Begin PBXSourcesBuildPhase section */
		0FBCF4FA2C156C5A00FD1653 /* Sources */ = {
			isa = PBXSourcesBuildPhase;
			buildActionMask = 2147483647;
			files = (
				0FBCF5062C156C5A00FD1653 /* ViewController.swift in Sources */,
				0FBCF5022C156C5A00FD1653 /* AppDelegate.swift in Sources */,
				0FBCF5342C1572F400FD1653 /* UIFont+Extension.swift in Sources */,
				0FBCF5382C1577BD00FD1653 /* AppColors.swift in Sources */,
				0FBCF5412C157F7C00FD1653 /* OnboardingCoordinator.swift in Sources */,
				0FBCF53F2C157EDA00FD1653 /* AppCoordinator.swift in Sources */,
				0FBCF5452C15E4A000FD1653 /* OrderCoordinator.swift in Sources */,
				0F5AF9BC2C21B4050005A9B5 /* OnboardingViewController.swift in Sources */,
				0FBCF5042C156C5A00FD1653 /* SceneDelegate.swift in Sources */,
				0FBCF5492C15E4E100FD1653 /* ProfileCoordinator.swift in Sources */,
				0FBCF5472C15E4CD00FD1653 /* ListCoordinator.swift in Sources */,
				0FBCF5432C15E46D00FD1653 /* HomeCoordinator.swift in Sources */,
				0FBCF54B2C15E60C00FD1653 /* TabBarController.swift in Sources */,
				0FDF60D82C231196001F6A6A /* OnboardingPartViewController.swift in Sources */,
				0FBCF5362C1576F900FD1653 /* UIColor+Extension.swift in Sources */,
				0F5AF9BE2C21B42C0005A9B5 /* OnboardingViewPresenter.swift in Sources */,
				0FBCF53D2C157B8300FD1653 /* Coordinator.swift in Sources */,
			);
			runOnlyForDeploymentPostprocessing = 0;
		};
/* End PBXSourcesBuildPhase section */

/* Begin PBXVariantGroup section */
		0FBCF50C2C156C5B00FD1653 /* LaunchScreen.storyboard */ = {
			isa = PBXVariantGroup;
			children = (
				0FBCF50D2C156C5B00FD1653 /* Base */,
			);
			name = LaunchScreen.storyboard;
			sourceTree = "<group>";
		};
/* End PBXVariantGroup section */

/* Begin XCBuildConfiguration section */
		0FBCF5102C156C5B00FD1653 /* Debug */ = {
			isa = XCBuildConfiguration;
			buildSettings = {
				ALWAYS_SEARCH_USER_PATHS = NO;
				ASSETCATALOG_COMPILER_GENERATE_SWIFT_ASSET_SYMBOL_EXTENSIONS = YES;
				CLANG_ANALYZER_NONNULL = YES;
				CLANG_ANALYZER_NUMBER_OBJECT_CONVERSION = YES_AGGRESSIVE;
				CLANG_CXX_LANGUAGE_STANDARD = "gnu++20";
				CLANG_ENABLE_MODULES = YES;
				CLANG_ENABLE_OBJC_ARC = YES;
				CLANG_ENABLE_OBJC_WEAK = YES;
				CLANG_WARN_BLOCK_CAPTURE_AUTORELEASING = YES;
				CLANG_WARN_BOOL_CONVERSION = YES;
				CLANG_WARN_COMMA = YES;
				CLANG_WARN_CONSTANT_CONVERSION = YES;
				CLANG_WARN_DEPRECATED_OBJC_IMPLEMENTATIONS = YES;
				CLANG_WARN_DIRECT_OBJC_ISA_USAGE = YES_ERROR;
				CLANG_WARN_DOCUMENTATION_COMMENTS = YES;
				CLANG_WARN_EMPTY_BODY = YES;
				CLANG_WARN_ENUM_CONVERSION = YES;
				CLANG_WARN_INFINITE_RECURSION = YES;
				CLANG_WARN_INT_CONVERSION = YES;
				CLANG_WARN_NON_LITERAL_NULL_CONVERSION = YES;
				CLANG_WARN_OBJC_IMPLICIT_RETAIN_SELF = YES;
				CLANG_WARN_OBJC_LITERAL_CONVERSION = YES;
				CLANG_WARN_OBJC_ROOT_CLASS = YES_ERROR;
				CLANG_WARN_QUOTED_INCLUDE_IN_FRAMEWORK_HEADER = YES;
				CLANG_WARN_RANGE_LOOP_ANALYSIS = YES;
				CLANG_WARN_STRICT_PROTOTYPES = YES;
				CLANG_WARN_SUSPICIOUS_MOVE = YES;
				CLANG_WARN_UNGUARDED_AVAILABILITY = YES_AGGRESSIVE;
				CLANG_WARN_UNREACHABLE_CODE = YES;
				CLANG_WARN__DUPLICATE_METHOD_MATCH = YES;
				COPY_PHASE_STRIP = NO;
				DEBUG_INFORMATION_FORMAT = dwarf;
				ENABLE_STRICT_OBJC_MSGSEND = YES;
				ENABLE_TESTABILITY = YES;
				ENABLE_USER_SCRIPT_SANDBOXING = YES;
				GCC_C_LANGUAGE_STANDARD = gnu17;
				GCC_DYNAMIC_NO_PIC = NO;
				GCC_NO_COMMON_BLOCKS = YES;
				GCC_OPTIMIZATION_LEVEL = 0;
				GCC_PREPROCESSOR_DEFINITIONS = (
					"DEBUG=1",
					"$(inherited)",
				);
				GCC_WARN_64_TO_32_BIT_CONVERSION = YES;
				GCC_WARN_ABOUT_RETURN_TYPE = YES_ERROR;
				GCC_WARN_UNDECLARED_SELECTOR = YES;
				GCC_WARN_UNINITIALIZED_AUTOS = YES_AGGRESSIVE;
				GCC_WARN_UNUSED_FUNCTION = YES;
				GCC_WARN_UNUSED_VARIABLE = YES;
				IPHONEOS_DEPLOYMENT_TARGET = 15.0;
				LOCALIZATION_PREFERS_STRING_CATALOGS = YES;
				MTL_ENABLE_DEBUG_INFO = INCLUDE_SOURCE;
				MTL_FAST_MATH = YES;
				ONLY_ACTIVE_ARCH = YES;
				SDKROOT = iphoneos;
				SWIFT_ACTIVE_COMPILATION_CONDITIONS = "DEBUG $(inherited)";
				SWIFT_OPTIMIZATION_LEVEL = "-Onone";
			};
			name = Debug;
		};
		0FBCF5112C156C5B00FD1653 /* Release */ = {
			isa = XCBuildConfiguration;
			buildSettings = {
				ALWAYS_SEARCH_USER_PATHS = NO;
				ASSETCATALOG_COMPILER_GENERATE_SWIFT_ASSET_SYMBOL_EXTENSIONS = YES;
				CLANG_ANALYZER_NONNULL = YES;
				CLANG_ANALYZER_NUMBER_OBJECT_CONVERSION = YES_AGGRESSIVE;
				CLANG_CXX_LANGUAGE_STANDARD = "gnu++20";
				CLANG_ENABLE_MODULES = YES;
				CLANG_ENABLE_OBJC_ARC = YES;
				CLANG_ENABLE_OBJC_WEAK = YES;
				CLANG_WARN_BLOCK_CAPTURE_AUTORELEASING = YES;
				CLANG_WARN_BOOL_CONVERSION = YES;
				CLANG_WARN_COMMA = YES;
				CLANG_WARN_CONSTANT_CONVERSION = YES;
				CLANG_WARN_DEPRECATED_OBJC_IMPLEMENTATIONS = YES;
				CLANG_WARN_DIRECT_OBJC_ISA_USAGE = YES_ERROR;
				CLANG_WARN_DOCUMENTATION_COMMENTS = YES;
				CLANG_WARN_EMPTY_BODY = YES;
				CLANG_WARN_ENUM_CONVERSION = YES;
				CLANG_WARN_INFINITE_RECURSION = YES;
				CLANG_WARN_INT_CONVERSION = YES;
				CLANG_WARN_NON_LITERAL_NULL_CONVERSION = YES;
				CLANG_WARN_OBJC_IMPLICIT_RETAIN_SELF = YES;
				CLANG_WARN_OBJC_LITERAL_CONVERSION = YES;
				CLANG_WARN_OBJC_ROOT_CLASS = YES_ERROR;
				CLANG_WARN_QUOTED_INCLUDE_IN_FRAMEWORK_HEADER = YES;
				CLANG_WARN_RANGE_LOOP_ANALYSIS = YES;
				CLANG_WARN_STRICT_PROTOTYPES = YES;
				CLANG_WARN_SUSPICIOUS_MOVE = YES;
				CLANG_WARN_UNGUARDED_AVAILABILITY = YES_AGGRESSIVE;
				CLANG_WARN_UNREACHABLE_CODE = YES;
				CLANG_WARN__DUPLICATE_METHOD_MATCH = YES;
				COPY_PHASE_STRIP = NO;
				DEBUG_INFORMATION_FORMAT = "dwarf-with-dsym";
				ENABLE_NS_ASSERTIONS = NO;
				ENABLE_STRICT_OBJC_MSGSEND = YES;
				ENABLE_USER_SCRIPT_SANDBOXING = YES;
				GCC_C_LANGUAGE_STANDARD = gnu17;
				GCC_NO_COMMON_BLOCKS = YES;
				GCC_WARN_64_TO_32_BIT_CONVERSION = YES;
				GCC_WARN_ABOUT_RETURN_TYPE = YES_ERROR;
				GCC_WARN_UNDECLARED_SELECTOR = YES;
				GCC_WARN_UNINITIALIZED_AUTOS = YES_AGGRESSIVE;
				GCC_WARN_UNUSED_FUNCTION = YES;
				GCC_WARN_UNUSED_VARIABLE = YES;
				IPHONEOS_DEPLOYMENT_TARGET = 15.0;
				LOCALIZATION_PREFERS_STRING_CATALOGS = YES;
				MTL_ENABLE_DEBUG_INFO = NO;
				MTL_FAST_MATH = YES;
				SDKROOT = iphoneos;
				SWIFT_COMPILATION_MODE = wholemodule;
				VALIDATE_PRODUCT = YES;
			};
			name = Release;
		};
		0FBCF5132C156C5B00FD1653 /* Debug */ = {
			isa = XCBuildConfiguration;
			buildSettings = {
				ASSETCATALOG_COMPILER_APPICON_NAME = AppIcon;
				ASSETCATALOG_COMPILER_GLOBAL_ACCENT_COLOR_NAME = AccentColor;
				CODE_SIGN_STYLE = Automatic;
				CURRENT_PROJECT_VERSION = 1;
				DEVELOPMENT_TEAM = A2MAATC4Z9;
				GENERATE_INFOPLIST_FILE = YES;
				INFOPLIST_FILE = FoodDeliveryApp/Info.plist;
				INFOPLIST_KEY_UIApplicationSupportsIndirectInputEvents = YES;
				INFOPLIST_KEY_UILaunchStoryboardName = LaunchScreen;
				INFOPLIST_KEY_UISupportedInterfaceOrientations = UIInterfaceOrientationPortrait;
				INFOPLIST_KEY_UISupportedInterfaceOrientations_iPad = "UIInterfaceOrientationLandscapeLeft UIInterfaceOrientationLandscapeRight";
				IPHONEOS_DEPLOYMENT_TARGET = 15.0;
				LD_RUNPATH_SEARCH_PATHS = (
					"$(inherited)",
					"@executable_path/Frameworks",
				);
				MARKETING_VERSION = 1.0;
				PRODUCT_BUNDLE_IDENTIFIER = com.my.FoodDeliveryApp;
				PRODUCT_NAME = "$(TARGET_NAME)";
				SUPPORTED_PLATFORMS = "iphoneos iphonesimulator";
				SUPPORTS_MACCATALYST = NO;
				SUPPORTS_MAC_DESIGNED_FOR_IPHONE_IPAD = NO;
				SUPPORTS_XR_DESIGNED_FOR_IPHONE_IPAD = NO;
				SWIFT_EMIT_LOC_STRINGS = YES;
				SWIFT_VERSION = 5.0;
				TARGETED_DEVICE_FAMILY = 1;
			};
			name = Debug;
		};
		0FBCF5142C156C5B00FD1653 /* Release */ = {
			isa = XCBuildConfiguration;
			buildSettings = {
				ASSETCATALOG_COMPILER_APPICON_NAME = AppIcon;
				ASSETCATALOG_COMPILER_GLOBAL_ACCENT_COLOR_NAME = AccentColor;
				CODE_SIGN_STYLE = Automatic;
				CURRENT_PROJECT_VERSION = 1;
				DEVELOPMENT_TEAM = A2MAATC4Z9;
				GENERATE_INFOPLIST_FILE = YES;
				INFOPLIST_FILE = FoodDeliveryApp/Info.plist;
				INFOPLIST_KEY_UIApplicationSupportsIndirectInputEvents = YES;
				INFOPLIST_KEY_UILaunchStoryboardName = LaunchScreen;
				INFOPLIST_KEY_UISupportedInterfaceOrientations = UIInterfaceOrientationPortrait;
				INFOPLIST_KEY_UISupportedInterfaceOrientations_iPad = "UIInterfaceOrientationLandscapeLeft UIInterfaceOrientationLandscapeRight";
				IPHONEOS_DEPLOYMENT_TARGET = 15.0;
				LD_RUNPATH_SEARCH_PATHS = (
					"$(inherited)",
					"@executable_path/Frameworks",
				);
				MARKETING_VERSION = 1.0;
				PRODUCT_BUNDLE_IDENTIFIER = com.my.FoodDeliveryApp;
				PRODUCT_NAME = "$(TARGET_NAME)";
				SUPPORTED_PLATFORMS = "iphoneos iphonesimulator";
				SUPPORTS_MACCATALYST = NO;
				SUPPORTS_MAC_DESIGNED_FOR_IPHONE_IPAD = NO;
				SUPPORTS_XR_DESIGNED_FOR_IPHONE_IPAD = NO;
				SWIFT_EMIT_LOC_STRINGS = YES;
				SWIFT_VERSION = 5.0;
				TARGETED_DEVICE_FAMILY = 1;
			};
			name = Release;
		};
/* End XCBuildConfiguration section */

/* Begin XCConfigurationList section */
		0FBCF4F92C156C5A00FD1653 /* Build configuration list for PBXProject "FoodDeliveryApp" */ = {
			isa = XCConfigurationList;
			buildConfigurations = (
				0FBCF5102C156C5B00FD1653 /* Debug */,
				0FBCF5112C156C5B00FD1653 /* Release */,
			);
			defaultConfigurationIsVisible = 0;
			defaultConfigurationName = Release;
		};
		0FBCF5122C156C5B00FD1653 /* Build configuration list for PBXNativeTarget "FoodDeliveryApp" */ = {
			isa = XCConfigurationList;
			buildConfigurations = (
				0FBCF5132C156C5B00FD1653 /* Debug */,
				0FBCF5142C156C5B00FD1653 /* Release */,
			);
			defaultConfigurationIsVisible = 0;
			defaultConfigurationName = Release;
		};
/* End XCConfigurationList section */
	};
	rootObject = 0FBCF4F62C156C5A00FD1653 /* Project object */;
}
